<?xml version="1.0" encoding="utf-8"?>
<Project ToolsVersion="4.0" xmlns="http://schemas.microsoft.com/developer/msbuild/2003">
  <ItemGroup>
    <Filter Include="Quelldateien">
      <UniqueIdentifier>{4FC737F1-C7A5-4376-A066-2A32D752A2FF}</UniqueIdentifier>
      <Extensions>cpp;c;cc;cxx;def;odl;idl;hpj;bat;asm;asmx</Extensions>
    </Filter>
    <Filter Include="Headerdateien">
      <UniqueIdentifier>{93995380-89BD-4b04-88EB-625FBE52EBFB}</UniqueIdentifier>
      <Extensions>h;hh;hpp;hxx;hm;inl;inc;xsd</Extensions>
    </Filter>
    <Filter Include="Ressourcendateien">
      <UniqueIdentifier>{67DA6AB6-F800-4c08-8B7A-83BB121AAD01}</UniqueIdentifier>
      <Extensions>rc;ico;cur;bmp;dlg;rc2;rct;bin;rgs;gif;jpg;jpeg;jpe;resx;tiff;tif;png;wav;mfcribbon-ms</Extensions>
    </Filter>
  </ItemGroup>
  <ItemGroup>
    <ClCompile Include="wrapper.cpp">
      <Filter>Quelldateien</Filter>
    </ClCompile>
    <ClCompile Include="BC.cpp">
      <Filter>Quelldateien</Filter>
    </ClCompile>
    <ClCompile Include="BC4BC5.cpp">
      <Filter>Quelldateien</Filter>
    </ClCompile>
    <ClCompile Include="BC6HBC7.cpp">
      <Filter>Quelldateien</Filter>
    </ClCompile>
    <ClCompile Include="DirectXTexCompress.cpp">
      <Filter>Quelldateien</Filter>
    </ClCompile>
    <ClCompile Include="DirectXTexConvert.cpp">
      <Filter>Quelldateien</Filter>
    </ClCompile>
    <ClCompile Include="DirectXTexDDS.cpp">
      <Filter>Quelldateien</Filter>
    </ClCompile>
    <ClCompile Include="DirectXTexImage.cpp">
      <Filter>Quelldateien</Filter>
    </ClCompile>
    <ClCompile Include="DirectXTexUtil.cpp">
      <Filter>Quelldateien</Filter>
    </ClCompile>
    <ClCompile Include="DirectXTexMipmaps.cpp">
      <Filter>Quelldateien</Filter>
    </ClCompile>
  </ItemGroup>
  <ItemGroup>
    <ClInclude Include="BC.h">
      <Filter>Headerdateien</Filter>
    </ClInclude>
    <ClInclude Include="DDS.h">
      <Filter>Headerdateien</Filter>
    </ClInclude>
    <ClInclude Include="DirectXTex.h">
      <Filter>Headerdateien</Filter>
    </ClInclude>
    <ClInclude Include="DirectXTexP.h">
      <Filter>Headerdateien</Filter>
    </ClInclude>
    <ClInclude Include="Filters.h">
      <Filter>Headerdateien</Filter>
    </ClInclude>
    <ClInclude Include="scoped.h">
      <Filter>Headerdateien</Filter>
    </ClInclude>
  </ItemGroup>
  <ItemGroup>
    <None Include="DirectXTex.inl">
      <Filter>Headerdateien</Filter>
    </None>
  </ItemGroup>
</Project>