
Microsoft Visual Studio Solution File, Format Version 12.00
# Visual Studio 15
VisualStudioVersion = 15.0.27703.2035
MinimumVisualStudioVersion = 10.0.40219.1
Project("{FAE04EC0-301F-11D3-BF4B-00C04F79EFBC}") = "GL_Core", "GL_Core\GL_Core.csproj", "{29647BA5-2859-46F0-A99E-C3A387A9447A}"
EndProject
Project("{FAE04EC0-301F-11D3-BF4B-00C04F79EFBC}") = "Testing", "Testing\Testing.csproj", "{47680B79-3772-4339-8808-A97F84450CCE}"
EndProject
Global
	GlobalSection(SolutionConfigurationPlatforms) = preSolution
		Debug|Any CPU = Debug|Any CPU
		Release|Any CPU = Release|Any CPU
	EndGlobalSection
	GlobalSection(ProjectConfigurationPlatforms) = postSolution
		{29647BA5-2859-46F0-A99E-C3A387A9447A}.Debug|Any CPU.ActiveCfg = Debug|Any CPU
		{29647BA5-2859-46F0-A99E-C3A387A9447A}.Debug|Any CPU.Build.0 = Debug|Any CPU
		{29647BA5-2859-46F0-A99E-C3A387A9447A}.Release|Any CPU.ActiveCfg = Release|Any CPU
		{29647BA5-2859-46F0-A99E-C3A387A9447A}.Release|Any CPU.Build.0 = Release|Any CPU
		{47680B79-3772-4339-8808-A97F84450CCE}.Debug|Any CPU.ActiveCfg = Debug|Any CPU
		{47680B79-3772-4339-8808-A97F84450CCE}.Debug|Any CPU.Build.0 = Debug|Any CPU
		{47680B79-3772-4339-8808-A97F84450CCE}.Release|Any CPU.ActiveCfg = Release|Any CPU
		{47680B79-3772-4339-8808-A97F84450CCE}.Release|Any CPU.Build.0 = Release|Any CPU
	EndGlobalSection
	GlobalSection(SolutionProperties) = preSolution
		HideSolutionNode = FALSE
	EndGlobalSection
	GlobalSection(ExtensibilityGlobals) = postSolution
		SolutionGuid = {F399969A-9DEC-48B3-A7FA-4DBC9341DAA6}
	EndGlobalSection
EndGlobal
